Microsoft Visual Studio Solution File, Format Version 12.00
# Visual Studio Version 17
VisualStudioVersion = 17.5.2.0
MinimumVisualStudioVersion = 10.0.40219.1
Project("{FAE04EC0-301F-11D3-BF4B-00C04F79EFBC}") = "Scrambler", "Scrambler.csproj", "{CD8E596F-3641-30CB-1791-BE736D2034D5}"
EndProject
Global
	GlobalSection(SolutionConfigurationPlatforms) = preSolution
		Debug|Any CPU = Debug|Any CPU
		Release|Any CPU = Release|Any CPU
	EndGlobalSection
	GlobalSection(ProjectConfigurationPlatforms) = postSolution
		{CD8E596F-3641-30CB-1791-BE736D2034D5}.Debug|Any CPU.ActiveCfg = Debug|Any CPU
		{CD8E596F-3641-30CB-1791-BE736D2034D5}.Debug|Any CPU.Build.0 = Debug|Any CPU
		{CD8E596F-3641-30CB-1791-BE736D2034D5}.Release|Any CPU.ActiveCfg = Release|Any CPU
		{CD8E596F-3641-30CB-1791-BE736D2034D5}.Release|Any CPU.Build.0 = Release|Any CPU
	EndGlobalSection
	GlobalSection(SolutionProperties) = preSolution
		HideSolutionNode = FALSE
	EndGlobalSection
	GlobalSection(ExtensibilityGlobals) = postSolution
		SolutionGuid = {3B643FE4-A64F-45F8-824F-EF62FD911DDE}
	EndGlobalSection
EndGlobal
