Microsoft Visual Studio Solution File, Format Version 12.00
# Visual Studio Version 17
VisualStudioVersion = 17.5.2.0
MinimumVisualStudioVersion = 10.0.40219.1
Project("{FAE04EC0-301F-11D3-BF4B-00C04F79EFBC}") = "Solver", "Solver.csproj", "{ACBA06FD-559C-6EEB-052B-C8944602FFA6}"
EndProject
Global
	GlobalSection(SolutionConfigurationPlatforms) = preSolution
		Debug|Any CPU = Debug|Any CPU
		Release|Any CPU = Release|Any CPU
	EndGlobalSection
	GlobalSection(ProjectConfigurationPlatforms) = postSolution
		{ACBA06FD-559C-6EEB-052B-C8944602FFA6}.Debug|Any CPU.ActiveCfg = Debug|Any CPU
		{ACBA06FD-559C-6EEB-052B-C8944602FFA6}.Debug|Any CPU.Build.0 = Debug|Any CPU
		{ACBA06FD-559C-6EEB-052B-C8944602FFA6}.Release|Any CPU.ActiveCfg = Release|Any CPU
		{ACBA06FD-559C-6EEB-052B-C8944602FFA6}.Release|Any CPU.Build.0 = Release|Any CPU
	EndGlobalSection
	GlobalSection(SolutionProperties) = preSolution
		HideSolutionNode = FALSE
	EndGlobalSection
	GlobalSection(ExtensibilityGlobals) = postSolution
		SolutionGuid = {35B8B2E3-C306-4703-B4AF-429026CB40F4}
	EndGlobalSection
EndGlobal
